
Microsoft Visual Studio Solution File, Format Version 12.00
# Visual Studio 14
VisualStudioVersion = 14.0.25420.1
MinimumVisualStudioVersion = 10.0.40219.1
Project("{2150E333-8FDC-42A3-9474-1A3956D46DE8}") = "src", "src", "{CA4EDA17-E8E2-4CA3-8C99-B9E4178AC939}"
EndProject
Project("{2150E333-8FDC-42A3-9474-1A3956D46DE8}") = "Solution Items", "Solution Items", "{CE0B71EA-36C2-4937-835A-915E1A042067}"
	ProjectSection(SolutionItems) = preProject
		global.json = global.json
	EndProjectSection
EndProject
Project("{8BB2217D-0F2D-49D1-97BC-3654ED321F3B}") = "Hive", "src\Hive\Hive.xproj", "{9FEE3FBD-FCB5-4396-ABB8-BC010D8DB43E}"
EndProject
Project("{8BB2217D-0F2D-49D1-97BC-3654ED321F3B}") = "Hive.Tests", "src\Hive.Tests\Hive.Tests.xproj", "{199D569A-24C9-4D2A-87C2-1A9F5DC024C4}"
EndProject
Project("{2150E333-8FDC-42A3-9474-1A3956D46DE8}") = "sample", "sample", "{97DB85EA-B0DC-443E-A270-58C4C94A53CE}"
EndProject
Project("{8BB2217D-0F2D-49D1-97BC-3654ED321F3B}") = "Hive.Web", "src\Hive.Web\Hive.Web.xproj", "{61D470B4-153E-47A2-9CB3-70D977FF5D4B}"
EndProject
Project("{8BB2217D-0F2D-49D1-97BC-3654ED321F3B}") = "Hive.SampleApp", "sample\Hive.SampleApp\Hive.SampleApp.xproj", "{FD43B93F-20B5-4CC9-BB73-239FE27FB459}"
EndProject
Project("{8BB2217D-0F2D-49D1-97BC-3654ED321F3B}") = "Hive.Web.Tests", "src\Hive.Web.Tests\Hive.Web.Tests.xproj", "{BE755FF9-47A9-4EA8-A9E2-C339D77863D8}"
EndProject
Project("{8BB2217D-0F2D-49D1-97BC-3654ED321F3B}") = "Hive.Azure", "src\Hive.Azure\Hive.Azure.xproj", "{665937AA-1C80-4384-B9D8-7B9355F95B89}"
EndProject
Project("{8BB2217D-0F2D-49D1-97BC-3654ED321F3B}") = "DeviceManager", "sample\DeviceManager\DeviceManager.xproj", "{A1E46E8D-0005-477E-B333-C41DCC510C32}"
EndProject
Global
	GlobalSection(SolutionConfigurationPlatforms) = preSolution
		Debug|Any CPU = Debug|Any CPU
		Release|Any CPU = Release|Any CPU
	EndGlobalSection
	GlobalSection(ProjectConfigurationPlatforms) = postSolution
		{9FEE3FBD-FCB5-4396-ABB8-BC010D8DB43E}.Debug|Any CPU.ActiveCfg = Debug|Any CPU
		{9FEE3FBD-FCB5-4396-ABB8-BC010D8DB43E}.Debug|Any CPU.Build.0 = Debug|Any CPU
		{9FEE3FBD-FCB5-4396-ABB8-BC010D8DB43E}.Release|Any CPU.ActiveCfg = Release|Any CPU
		{9FEE3FBD-FCB5-4396-ABB8-BC010D8DB43E}.Release|Any CPU.Build.0 = Release|Any CPU
		{199D569A-24C9-4D2A-87C2-1A9F5DC024C4}.Debug|Any CPU.ActiveCfg = Debug|Any CPU
		{199D569A-24C9-4D2A-87C2-1A9F5DC024C4}.Debug|Any CPU.Build.0 = Debug|Any CPU
		{199D569A-24C9-4D2A-87C2-1A9F5DC024C4}.Release|Any CPU.ActiveCfg = Release|Any CPU
		{199D569A-24C9-4D2A-87C2-1A9F5DC024C4}.Release|Any CPU.Build.0 = Release|Any CPU
		{61D470B4-153E-47A2-9CB3-70D977FF5D4B}.Debug|Any CPU.ActiveCfg = Debug|Any CPU
		{61D470B4-153E-47A2-9CB3-70D977FF5D4B}.Debug|Any CPU.Build.0 = Debug|Any CPU
		{61D470B4-153E-47A2-9CB3-70D977FF5D4B}.Release|Any CPU.ActiveCfg = Release|Any CPU
		{61D470B4-153E-47A2-9CB3-70D977FF5D4B}.Release|Any CPU.Build.0 = Release|Any CPU
		{FD43B93F-20B5-4CC9-BB73-239FE27FB459}.Debug|Any CPU.ActiveCfg = Debug|Any CPU
		{FD43B93F-20B5-4CC9-BB73-239FE27FB459}.Debug|Any CPU.Build.0 = Debug|Any CPU
		{FD43B93F-20B5-4CC9-BB73-239FE27FB459}.Release|Any CPU.ActiveCfg = Release|Any CPU
		{FD43B93F-20B5-4CC9-BB73-239FE27FB459}.Release|Any CPU.Build.0 = Release|Any CPU
		{BE755FF9-47A9-4EA8-A9E2-C339D77863D8}.Debug|Any CPU.ActiveCfg = Debug|Any CPU
		{BE755FF9-47A9-4EA8-A9E2-C339D77863D8}.Debug|Any CPU.Build.0 = Debug|Any CPU
		{BE755FF9-47A9-4EA8-A9E2-C339D77863D8}.Release|Any CPU.ActiveCfg = Release|Any CPU
		{BE755FF9-47A9-4EA8-A9E2-C339D77863D8}.Release|Any CPU.Build.0 = Release|Any CPU
		{665937AA-1C80-4384-B9D8-7B9355F95B89}.Debug|Any CPU.ActiveCfg = Debug|Any CPU
		{665937AA-1C80-4384-B9D8-7B9355F95B89}.Debug|Any CPU.Build.0 = Debug|Any CPU
		{665937AA-1C80-4384-B9D8-7B9355F95B89}.Release|Any CPU.ActiveCfg = Release|Any CPU
		{665937AA-1C80-4384-B9D8-7B9355F95B89}.Release|Any CPU.Build.0 = Release|Any CPU
		{A1E46E8D-0005-477E-B333-C41DCC510C32}.Debug|Any CPU.ActiveCfg = Debug|Any CPU
		{A1E46E8D-0005-477E-B333-C41DCC510C32}.Debug|Any CPU.Build.0 = Debug|Any CPU
		{A1E46E8D-0005-477E-B333-C41DCC510C32}.Release|Any CPU.ActiveCfg = Release|Any CPU
		{A1E46E8D-0005-477E-B333-C41DCC510C32}.Release|Any CPU.Build.0 = Release|Any CPU
	EndGlobalSection
	GlobalSection(SolutionProperties) = preSolution
		HideSolutionNode = FALSE
	EndGlobalSection
	GlobalSection(NestedProjects) = preSolution
		{9FEE3FBD-FCB5-4396-ABB8-BC010D8DB43E} = {CA4EDA17-E8E2-4CA3-8C99-B9E4178AC939}
		{199D569A-24C9-4D2A-87C2-1A9F5DC024C4} = {CA4EDA17-E8E2-4CA3-8C99-B9E4178AC939}
		{61D470B4-153E-47A2-9CB3-70D977FF5D4B} = {CA4EDA17-E8E2-4CA3-8C99-B9E4178AC939}
		{FD43B93F-20B5-4CC9-BB73-239FE27FB459} = {97DB85EA-B0DC-443E-A270-58C4C94A53CE}
		{BE755FF9-47A9-4EA8-A9E2-C339D77863D8} = {CA4EDA17-E8E2-4CA3-8C99-B9E4178AC939}
		{665937AA-1C80-4384-B9D8-7B9355F95B89} = {CA4EDA17-E8E2-4CA3-8C99-B9E4178AC939}
		{A1E46E8D-0005-477E-B333-C41DCC510C32} = {97DB85EA-B0DC-443E-A270-58C4C94A53CE}
	EndGlobalSection
EndGlobal
